
Microsoft Visual Studio Solution File, Format Version 12.00
# Visual Studio Version 17
VisualStudioVersion = 17.0.32112.339
MinimumVisualStudioVersion = 10.0.40219.1
Project("{9A19103F-16F7-4668-BE54-9A1E7A4F7556}") = "CrossEngine", "CrossEngine\CrossEngine.csproj", "{4917BF5E-6BB1-40EA-8AF6-FBD2784CA153}"
EndProject
Project("{9A19103F-16F7-4668-BE54-9A1E7A4F7556}") = "CrossEngineEditor", "CrossEngineEditor\CrossEngineEditor.csproj", "{7D573E61-2C5D-4F44-B8EB-F1D242DC592E}"
EndProject
Project("{9A19103F-16F7-4668-BE54-9A1E7A4F7556}") = "Sample", "Sample\Sample.csproj", "{B9591FC0-3FA8-4E05-9904-1EB4B1AEEE7E}"
EndProject
Project("{9A19103F-16F7-4668-BE54-9A1E7A4F7556}") = "CrossEngineRuntime", "CrossEngineRuntime\CrossEngineRuntime.csproj", "{6C89D462-7865-48AF-BC93-D0D7D40FE859}"
EndProject
Project("{FAE04EC0-301F-11D3-BF4B-00C04F79EFBC}") = "Sandbox", "Sandbox\Sandbox.csproj", "{5EEFF4DA-8AD9-E42C-6F15-4A668E5D6006}"
EndProject
Global
	GlobalSection(SolutionConfigurationPlatforms) = preSolution
		Debug|Linux = Debug|Linux
		Debug|Web = Debug|Web
		Debug|Windows = Debug|Windows
		Profiling|Linux = Profiling|Linux
		Profiling|Web = Profiling|Web
		Profiling|Windows = Profiling|Windows
	EndGlobalSection
	GlobalSection(ProjectConfigurationPlatforms) = postSolution
		{4917BF5E-6BB1-40EA-8AF6-FBD2784CA153}.Debug|Linux.ActiveCfg = Linux Debug|Any CPU
		{4917BF5E-6BB1-40EA-8AF6-FBD2784CA153}.Debug|Linux.Build.0 = Linux Debug|Any CPU
		{4917BF5E-6BB1-40EA-8AF6-FBD2784CA153}.Debug|Web.ActiveCfg = Web|Any CPU
		{4917BF5E-6BB1-40EA-8AF6-FBD2784CA153}.Debug|Web.Build.0 = Web|Any CPU
		{4917BF5E-6BB1-40EA-8AF6-FBD2784CA153}.Debug|Windows.ActiveCfg = Windows Debug|Any CPU
		{4917BF5E-6BB1-40EA-8AF6-FBD2784CA153}.Debug|Windows.Build.0 = Windows Debug|Any CPU
		{4917BF5E-6BB1-40EA-8AF6-FBD2784CA153}.Profiling|Linux.ActiveCfg = Linux Profiling|Any CPU
		{4917BF5E-6BB1-40EA-8AF6-FBD2784CA153}.Profiling|Linux.Build.0 = Linux Profiling|Any CPU
		{4917BF5E-6BB1-40EA-8AF6-FBD2784CA153}.Profiling|Web.ActiveCfg = Web|Any CPU
		{4917BF5E-6BB1-40EA-8AF6-FBD2784CA153}.Profiling|Web.Build.0 = Web|Any CPU
		{4917BF5E-6BB1-40EA-8AF6-FBD2784CA153}.Profiling|Windows.ActiveCfg = Windows Profiling|Any CPU
		{4917BF5E-6BB1-40EA-8AF6-FBD2784CA153}.Profiling|Windows.Build.0 = Windows Profiling|Any CPU
		{7D573E61-2C5D-4F44-B8EB-F1D242DC592E}.Debug|Linux.ActiveCfg = Linux Debug|Any CPU
		{7D573E61-2C5D-4F44-B8EB-F1D242DC592E}.Debug|Linux.Build.0 = Linux Debug|Any CPU
		{7D573E61-2C5D-4F44-B8EB-F1D242DC592E}.Debug|Web.ActiveCfg = Debug|Any CPU
		{7D573E61-2C5D-4F44-B8EB-F1D242DC592E}.Debug|Windows.ActiveCfg = Windows Debug|Any CPU
		{7D573E61-2C5D-4F44-B8EB-F1D242DC592E}.Debug|Windows.Build.0 = Windows Debug|Any CPU
		{7D573E61-2C5D-4F44-B8EB-F1D242DC592E}.Profiling|Linux.ActiveCfg = Linux Profiling|Any CPU
		{7D573E61-2C5D-4F44-B8EB-F1D242DC592E}.Profiling|Linux.Build.0 = Linux Profiling|Any CPU
		{7D573E61-2C5D-4F44-B8EB-F1D242DC592E}.Profiling|Web.ActiveCfg = Profiling|Any CPU
		{7D573E61-2C5D-4F44-B8EB-F1D242DC592E}.Profiling|Web.Build.0 = Profiling|Any CPU
		{7D573E61-2C5D-4F44-B8EB-F1D242DC592E}.Profiling|Windows.ActiveCfg = Windows Profiling|Any CPU
		{7D573E61-2C5D-4F44-B8EB-F1D242DC592E}.Profiling|Windows.Build.0 = Windows Profiling|Any CPU
		{B9591FC0-3FA8-4E05-9904-1EB4B1AEEE7E}.Debug|Linux.ActiveCfg = Debug|Any CPU
		{B9591FC0-3FA8-4E05-9904-1EB4B1AEEE7E}.Debug|Linux.Build.0 = Debug|Any CPU
		{B9591FC0-3FA8-4E05-9904-1EB4B1AEEE7E}.Debug|Web.ActiveCfg = Debug|Any CPU
		{B9591FC0-3FA8-4E05-9904-1EB4B1AEEE7E}.Debug|Web.Build.0 = Debug|Any CPU
		{B9591FC0-3FA8-4E05-9904-1EB4B1AEEE7E}.Debug|Windows.ActiveCfg = Debug|Any CPU
		{B9591FC0-3FA8-4E05-9904-1EB4B1AEEE7E}.Debug|Windows.Build.0 = Debug|Any CPU
		{B9591FC0-3FA8-4E05-9904-1EB4B1AEEE7E}.Profiling|Linux.ActiveCfg = Profiling|Any CPU
		{B9591FC0-3FA8-4E05-9904-1EB4B1AEEE7E}.Profiling|Linux.Build.0 = Profiling|Any CPU
		{B9591FC0-3FA8-4E05-9904-1EB4B1AEEE7E}.Profiling|Web.ActiveCfg = Profiling|Any CPU
		{B9591FC0-3FA8-4E05-9904-1EB4B1AEEE7E}.Profiling|Web.Build.0 = Profiling|Any CPU
		{B9591FC0-3FA8-4E05-9904-1EB4B1AEEE7E}.Profiling|Windows.ActiveCfg = Profiling|Any CPU
		{B9591FC0-3FA8-4E05-9904-1EB4B1AEEE7E}.Profiling|Windows.Build.0 = Profiling|Any CPU
		{6C89D462-7865-48AF-BC93-D0D7D40FE859}.Debug|Linux.ActiveCfg = Debug|Any CPU
		{6C89D462-7865-48AF-BC93-D0D7D40FE859}.Debug|Linux.Build.0 = Debug|Any CPU
		{6C89D462-7865-48AF-BC93-D0D7D40FE859}.Debug|Web.ActiveCfg = Debug|Any CPU
		{6C89D462-7865-48AF-BC93-D0D7D40FE859}.Debug|Web.Build.0 = Debug|Any CPU
		{6C89D462-7865-48AF-BC93-D0D7D40FE859}.Debug|Windows.ActiveCfg = Debug|Any CPU
		{6C89D462-7865-48AF-BC93-D0D7D40FE859}.Debug|Windows.Build.0 = Debug|Any CPU
		{6C89D462-7865-48AF-BC93-D0D7D40FE859}.Profiling|Linux.ActiveCfg = Profiling|Any CPU
		{6C89D462-7865-48AF-BC93-D0D7D40FE859}.Profiling|Linux.Build.0 = Profiling|Any CPU
		{6C89D462-7865-48AF-BC93-D0D7D40FE859}.Profiling|Web.ActiveCfg = Profiling|Any CPU
		{6C89D462-7865-48AF-BC93-D0D7D40FE859}.Profiling|Web.Build.0 = Profiling|Any CPU
		{6C89D462-7865-48AF-BC93-D0D7D40FE859}.Profiling|Windows.ActiveCfg = Profiling|Any CPU
		{6C89D462-7865-48AF-BC93-D0D7D40FE859}.Profiling|Windows.Build.0 = Profiling|Any CPU
		{5EEFF4DA-8AD9-E42C-6F15-4A668E5D6006}.Debug|Linux.ActiveCfg = Linux Debug|Any CPU
		{5EEFF4DA-8AD9-E42C-6F15-4A668E5D6006}.Debug|Linux.Build.0 = Linux Debug|Any CPU
		{5EEFF4DA-8AD9-E42C-6F15-4A668E5D6006}.Debug|Web.ActiveCfg = Web|Any CPU
		{5EEFF4DA-8AD9-E42C-6F15-4A668E5D6006}.Debug|Web.Build.0 = Web|Any CPU
		{5EEFF4DA-8AD9-E42C-6F15-4A668E5D6006}.Debug|Windows.ActiveCfg = Windows Debug|Any CPU
		{5EEFF4DA-8AD9-E42C-6F15-4A668E5D6006}.Debug|Windows.Build.0 = Windows Debug|Any CPU
		{5EEFF4DA-8AD9-E42C-6F15-4A668E5D6006}.Profiling|Linux.ActiveCfg = Linux Profiling|Any CPU
		{5EEFF4DA-8AD9-E42C-6F15-4A668E5D6006}.Profiling|Linux.Build.0 = Linux Profiling|Any CPU
		{5EEFF4DA-8AD9-E42C-6F15-4A668E5D6006}.Profiling|Web.ActiveCfg = Web|Any CPU
		{5EEFF4DA-8AD9-E42C-6F15-4A668E5D6006}.Profiling|Web.Build.0 = Web|Any CPU
		{5EEFF4DA-8AD9-E42C-6F15-4A668E5D6006}.Profiling|Windows.ActiveCfg = Windows Profiling|Any CPU
		{5EEFF4DA-8AD9-E42C-6F15-4A668E5D6006}.Profiling|Windows.Build.0 = Windows Profiling|Any CPU
	EndGlobalSection
	GlobalSection(SolutionProperties) = preSolution
		HideSolutionNode = FALSE
	EndGlobalSection
	GlobalSection(ExtensibilityGlobals) = postSolution
		SolutionGuid = {23DE6B56-E71C-47DB-A36F-2104815F0972}
	EndGlobalSection
EndGlobal
