
Microsoft Visual Studio Solution File, Format Version 12.00
# Visual Studio Version 16
VisualStudioVersion = 16.0.30413.136
MinimumVisualStudioVersion = 10.0.40219.1
Project("{9A19103F-16F7-4668-BE54-9A1E7A4F7556}") = "CrossEngine", "CrossEngine\CrossEngine.csproj", "{628A44C5-59D0-41B1-8B13-4547F9DB8023}"
EndProject
Project("{9A19103F-16F7-4668-BE54-9A1E7A4F7556}") = "Sandbox", "Sandbox\Sandbox.csproj", "{7AD8E82C-FB93-4983-8367-694E63577360}"
EndProject
Project("{9A19103F-16F7-4668-BE54-9A1E7A4F7556}") = "CrossEngine-Editor", "CrossEngine-Editor\CrossEngine-Editor.csproj", "{D6CB77AE-1080-4D2F-B540-1BEF0FBCF655}"
EndProject
Project("{9A19103F-16F7-4668-BE54-9A1E7A4F7556}") = "CrossEngine-Runtime", "CrossEngine-Runtime\CrossEngine-Runtime.csproj", "{52FFFF74-A95F-4586-96F9-DD90F5429761}"
EndProject
Global
	GlobalSection(SolutionConfigurationPlatforms) = preSolution
		Debug|Any CPU = Debug|Any CPU
		Debug|x64 = Debug|x64
		Profiling Debug|Any CPU = Profiling Debug|Any CPU
		Profiling Debug|x64 = Profiling Debug|x64
		Release|Any CPU = Release|Any CPU
		Release|x64 = Release|x64
	EndGlobalSection
	GlobalSection(ProjectConfigurationPlatforms) = postSolution
		{628A44C5-59D0-41B1-8B13-4547F9DB8023}.Debug|Any CPU.ActiveCfg = Debug|Any CPU
		{628A44C5-59D0-41B1-8B13-4547F9DB8023}.Debug|Any CPU.Build.0 = Debug|Any CPU
		{628A44C5-59D0-41B1-8B13-4547F9DB8023}.Debug|x64.ActiveCfg = Debug|x64
		{628A44C5-59D0-41B1-8B13-4547F9DB8023}.Debug|x64.Build.0 = Debug|x64
		{628A44C5-59D0-41B1-8B13-4547F9DB8023}.Profiling Debug|Any CPU.ActiveCfg = Profiling Debug|Any CPU
		{628A44C5-59D0-41B1-8B13-4547F9DB8023}.Profiling Debug|Any CPU.Build.0 = Profiling Debug|Any CPU
		{628A44C5-59D0-41B1-8B13-4547F9DB8023}.Profiling Debug|x64.ActiveCfg = Debug|x64
		{628A44C5-59D0-41B1-8B13-4547F9DB8023}.Profiling Debug|x64.Build.0 = Debug|x64
		{628A44C5-59D0-41B1-8B13-4547F9DB8023}.Release|Any CPU.ActiveCfg = Release|Any CPU
		{628A44C5-59D0-41B1-8B13-4547F9DB8023}.Release|Any CPU.Build.0 = Release|Any CPU
		{628A44C5-59D0-41B1-8B13-4547F9DB8023}.Release|x64.ActiveCfg = Release|x64
		{628A44C5-59D0-41B1-8B13-4547F9DB8023}.Release|x64.Build.0 = Release|x64
		{7AD8E82C-FB93-4983-8367-694E63577360}.Debug|Any CPU.ActiveCfg = Debug|Any CPU
		{7AD8E82C-FB93-4983-8367-694E63577360}.Debug|Any CPU.Build.0 = Debug|Any CPU
		{7AD8E82C-FB93-4983-8367-694E63577360}.Debug|x64.ActiveCfg = Debug|Any CPU
		{7AD8E82C-FB93-4983-8367-694E63577360}.Profiling Debug|Any CPU.ActiveCfg = Profiling Debug|Any CPU
		{7AD8E82C-FB93-4983-8367-694E63577360}.Profiling Debug|Any CPU.Build.0 = Profiling Debug|Any CPU
		{7AD8E82C-FB93-4983-8367-694E63577360}.Profiling Debug|x64.ActiveCfg = Debug|Any CPU
		{7AD8E82C-FB93-4983-8367-694E63577360}.Release|Any CPU.ActiveCfg = Release|Any CPU
		{7AD8E82C-FB93-4983-8367-694E63577360}.Release|x64.ActiveCfg = Release|Any CPU
		{D6CB77AE-1080-4D2F-B540-1BEF0FBCF655}.Debug|Any CPU.ActiveCfg = Debug|Any CPU
		{D6CB77AE-1080-4D2F-B540-1BEF0FBCF655}.Debug|Any CPU.Build.0 = Debug|Any CPU
		{D6CB77AE-1080-4D2F-B540-1BEF0FBCF655}.Debug|x64.ActiveCfg = Debug|Any CPU
		{D6CB77AE-1080-4D2F-B540-1BEF0FBCF655}.Debug|x64.Build.0 = Debug|Any CPU
		{D6CB77AE-1080-4D2F-B540-1BEF0FBCF655}.Profiling Debug|Any CPU.ActiveCfg = Profiling Debug|Any CPU
		{D6CB77AE-1080-4D2F-B540-1BEF0FBCF655}.Profiling Debug|Any CPU.Build.0 = Profiling Debug|Any CPU
		{D6CB77AE-1080-4D2F-B540-1BEF0FBCF655}.Profiling Debug|x64.ActiveCfg = Debug|Any CPU
		{D6CB77AE-1080-4D2F-B540-1BEF0FBCF655}.Profiling Debug|x64.Build.0 = Debug|Any CPU
		{D6CB77AE-1080-4D2F-B540-1BEF0FBCF655}.Release|Any CPU.ActiveCfg = Release|Any CPU
		{D6CB77AE-1080-4D2F-B540-1BEF0FBCF655}.Release|Any CPU.Build.0 = Release|Any CPU
		{D6CB77AE-1080-4D2F-B540-1BEF0FBCF655}.Release|x64.ActiveCfg = Release|Any CPU
		{D6CB77AE-1080-4D2F-B540-1BEF0FBCF655}.Release|x64.Build.0 = Release|Any CPU
		{52FFFF74-A95F-4586-96F9-DD90F5429761}.Debug|Any CPU.ActiveCfg = Debug|Any CPU
		{52FFFF74-A95F-4586-96F9-DD90F5429761}.Debug|Any CPU.Build.0 = Debug|Any CPU
		{52FFFF74-A95F-4586-96F9-DD90F5429761}.Debug|x64.ActiveCfg = Debug|Any CPU
		{52FFFF74-A95F-4586-96F9-DD90F5429761}.Debug|x64.Build.0 = Debug|Any CPU
		{52FFFF74-A95F-4586-96F9-DD90F5429761}.Profiling Debug|Any CPU.ActiveCfg = Debug|Any CPU
		{52FFFF74-A95F-4586-96F9-DD90F5429761}.Profiling Debug|Any CPU.Build.0 = Debug|Any CPU
		{52FFFF74-A95F-4586-96F9-DD90F5429761}.Profiling Debug|x64.ActiveCfg = Debug|Any CPU
		{52FFFF74-A95F-4586-96F9-DD90F5429761}.Profiling Debug|x64.Build.0 = Debug|Any CPU
		{52FFFF74-A95F-4586-96F9-DD90F5429761}.Release|Any CPU.ActiveCfg = Release|Any CPU
		{52FFFF74-A95F-4586-96F9-DD90F5429761}.Release|Any CPU.Build.0 = Release|Any CPU
		{52FFFF74-A95F-4586-96F9-DD90F5429761}.Release|x64.ActiveCfg = Release|Any CPU
		{52FFFF74-A95F-4586-96F9-DD90F5429761}.Release|x64.Build.0 = Release|Any CPU
	EndGlobalSection
	GlobalSection(SolutionProperties) = preSolution
		HideSolutionNode = FALSE
	EndGlobalSection
	GlobalSection(ExtensibilityGlobals) = postSolution
		SolutionGuid = {6B4C8CCD-E662-4C30-AE1B-FAA61F671732}
	EndGlobalSection
EndGlobal
